
Microsoft Visual Studio Solution File, Format Version 12.00
# Visual Studio 15
VisualStudioVersion = 15.0.27130.2027
MinimumVisualStudioVersion = 10.0.40219.1
Project("{FAE04EC0-301F-11D3-BF4B-00C04F79EFBC}") = "ObjectComparer", "ObjectComparer\ObjectComparer.csproj", "{8794D45C-1090-4A3C-B126-9010224F3D7F}"
EndProject
Project("{FAE04EC0-301F-11D3-BF4B-00C04F79EFBC}") = "ObjectComparer.UnitTest", "ObjectComparer.UnitTest\ObjectComparer.UnitTest.csproj", "{07977D0F-68A9-44BD-8705-62989AE486D1}"
EndProject
Global
	GlobalSection(SolutionConfigurationPlatforms) = preSolution
		Debug|Any CPU = Debug|Any CPU
		Release|Any CPU = Release|Any CPU
	EndGlobalSection
	GlobalSection(ProjectConfigurationPlatforms) = postSolution
		{8794D45C-1090-4A3C-B126-9010224F3D7F}.Debug|Any CPU.ActiveCfg = Debug|Any CPU
		{8794D45C-1090-4A3C-B126-9010224F3D7F}.Debug|Any CPU.Build.0 = Debug|Any CPU
		{8794D45C-1090-4A3C-B126-9010224F3D7F}.Release|Any CPU.ActiveCfg = Release|Any CPU
		{8794D45C-1090-4A3C-B126-9010224F3D7F}.Release|Any CPU.Build.0 = Release|Any CPU
		{07977D0F-68A9-44BD-8705-62989AE486D1}.Debug|Any CPU.ActiveCfg = Debug|Any CPU
		{07977D0F-68A9-44BD-8705-62989AE486D1}.Debug|Any CPU.Build.0 = Debug|Any CPU
		{07977D0F-68A9-44BD-8705-62989AE486D1}.Release|Any CPU.ActiveCfg = Release|Any CPU
		{07977D0F-68A9-44BD-8705-62989AE486D1}.Release|Any CPU.Build.0 = Release|Any CPU
	EndGlobalSection
	GlobalSection(SolutionProperties) = preSolution
		HideSolutionNode = FALSE
	EndGlobalSection
	GlobalSection(ExtensibilityGlobals) = postSolution
		SolutionGuid = {9A468384-9329-44F5-8A88-C1C07137B963}
	EndGlobalSection
EndGlobal
